
Microsoft Visual Studio Solution File, Format Version 12.00
Project("{FAE04EC0-301F-11D3-BF4B-00C04F79EFBC}") = "ConsoleApp", "ConsoleApp\ConsoleApp.csproj", "{D4EC4266-227C-4722-A4B1-E6C13D3D6632}"
EndProject
Project("{2150E333-8FDC-42A3-9474-1A3956D46DE8}") = "!Solution Items", "!Solution Items", "{3EF16D57-BCC1-44B9-821B-7B98B097A561}"
	ProjectSection(SolutionItems) = preProject
		..\README.md = ..\README.md
		..\.gitignore = ..\.gitignore
		Directory.Build.props = Directory.Build.props
	EndProjectSection
EndProject
Project("{FAE04EC0-301F-11D3-BF4B-00C04F79EFBC}") = "MenuSystem", "MenuSystem\MenuSystem.csproj", "{08D6B3D4-F214-4E93-A048-99F4DCBD7EA8}"
EndProject
Project("{FAE04EC0-301F-11D3-BF4B-00C04F79EFBC}") = "UnoEngine", "UnoEngine\UnoEngine.csproj", "{D8902B48-68BC-4E62-B0C4-A664219ED125}"
EndProject
Project("{FAE04EC0-301F-11D3-BF4B-00C04F79EFBC}") = "Entities", "Entities\Entities.csproj", "{D37559B0-421F-4636-93BE-EADFEA3F269D}"
EndProject
Project("{FAE04EC0-301F-11D3-BF4B-00C04F79EFBC}") = "DAL", "DAL\DAL.csproj", "{BC223F72-D579-4840-B425-75148885FA89}"
EndProject
Project("{FAE04EC0-301F-11D3-BF4B-00C04F79EFBC}") = "RazorWebApp", "RazorWebApp\RazorWebApp.csproj", "{E6B14370-0239-4673-877A-CA8482D0CF11}"
EndProject
Global
	GlobalSection(SolutionConfigurationPlatforms) = preSolution
		Debug|Any CPU = Debug|Any CPU
		Release|Any CPU = Release|Any CPU
	EndGlobalSection
	GlobalSection(ProjectConfigurationPlatforms) = postSolution
		{D4EC4266-227C-4722-A4B1-E6C13D3D6632}.Debug|Any CPU.ActiveCfg = Debug|Any CPU
		{D4EC4266-227C-4722-A4B1-E6C13D3D6632}.Debug|Any CPU.Build.0 = Debug|Any CPU
		{D4EC4266-227C-4722-A4B1-E6C13D3D6632}.Release|Any CPU.ActiveCfg = Release|Any CPU
		{D4EC4266-227C-4722-A4B1-E6C13D3D6632}.Release|Any CPU.Build.0 = Release|Any CPU
		{08D6B3D4-F214-4E93-A048-99F4DCBD7EA8}.Debug|Any CPU.ActiveCfg = Debug|Any CPU
		{08D6B3D4-F214-4E93-A048-99F4DCBD7EA8}.Debug|Any CPU.Build.0 = Debug|Any CPU
		{08D6B3D4-F214-4E93-A048-99F4DCBD7EA8}.Release|Any CPU.ActiveCfg = Release|Any CPU
		{08D6B3D4-F214-4E93-A048-99F4DCBD7EA8}.Release|Any CPU.Build.0 = Release|Any CPU
		{D8902B48-68BC-4E62-B0C4-A664219ED125}.Debug|Any CPU.ActiveCfg = Debug|Any CPU
		{D8902B48-68BC-4E62-B0C4-A664219ED125}.Debug|Any CPU.Build.0 = Debug|Any CPU
		{D8902B48-68BC-4E62-B0C4-A664219ED125}.Release|Any CPU.ActiveCfg = Release|Any CPU
		{D8902B48-68BC-4E62-B0C4-A664219ED125}.Release|Any CPU.Build.0 = Release|Any CPU
		{D37559B0-421F-4636-93BE-EADFEA3F269D}.Debug|Any CPU.ActiveCfg = Debug|Any CPU
		{D37559B0-421F-4636-93BE-EADFEA3F269D}.Debug|Any CPU.Build.0 = Debug|Any CPU
		{D37559B0-421F-4636-93BE-EADFEA3F269D}.Release|Any CPU.ActiveCfg = Release|Any CPU
		{D37559B0-421F-4636-93BE-EADFEA3F269D}.Release|Any CPU.Build.0 = Release|Any CPU
		{BC223F72-D579-4840-B425-75148885FA89}.Debug|Any CPU.ActiveCfg = Debug|Any CPU
		{BC223F72-D579-4840-B425-75148885FA89}.Debug|Any CPU.Build.0 = Debug|Any CPU
		{BC223F72-D579-4840-B425-75148885FA89}.Release|Any CPU.ActiveCfg = Release|Any CPU
		{BC223F72-D579-4840-B425-75148885FA89}.Release|Any CPU.Build.0 = Release|Any CPU
		{E6B14370-0239-4673-877A-CA8482D0CF11}.Debug|Any CPU.ActiveCfg = Debug|Any CPU
		{E6B14370-0239-4673-877A-CA8482D0CF11}.Debug|Any CPU.Build.0 = Debug|Any CPU
		{E6B14370-0239-4673-877A-CA8482D0CF11}.Release|Any CPU.ActiveCfg = Release|Any CPU
		{E6B14370-0239-4673-877A-CA8482D0CF11}.Release|Any CPU.Build.0 = Release|Any CPU
	EndGlobalSection
EndGlobal
