
Microsoft Visual Studio Solution File, Format Version 12.00
Project("{FAE04EC0-301F-11D3-BF4B-00C04F79EFBC}") = "ConsoleApp", "ConsoleApp\ConsoleApp.csproj", "{D4EC4266-227C-4722-A4B1-E6C13D3D6632}"
EndProject
Project("{2150E333-8FDC-42A3-9474-1A3956D46DE8}") = "!Solution Items", "!Solution Items", "{3EF16D57-BCC1-44B9-821B-7B98B097A561}"
	ProjectSection(SolutionItems) = preProject
		..\README.md = ..\README.md
		..\.gitignore = ..\.gitignore
		Directory.Build.props = Directory.Build.props
	EndProjectSection
EndProject
Project("{FAE04EC0-301F-11D3-BF4B-00C04F79EFBC}") = "MenuSystem", "MenuSystem\MenuSystem.csproj", "{08D6B3D4-F214-4E93-A048-99F4DCBD7EA8}"
EndProject
Project("{FAE04EC0-301F-11D3-BF4B-00C04F79EFBC}") = "DurakEngine", "DurakEngine\DurakEngine.csproj", "{02876AAF-0555-4F30-8D38-BE9ACF6A1F20}"
EndProject
Project("{FAE04EC0-301F-11D3-BF4B-00C04F79EFBC}") = "DAL", "DAL\DAL.csproj", "{5627E104-06B8-4508-A1FF-45AF500E7A0E}"
EndProject
Project("{FAE04EC0-301F-11D3-BF4B-00C04F79EFBC}") = "Domain", "Domain\Domain.csproj", "{3D8E519A-44A2-4B36-AA0F-CC561CC43918}"
EndProject
Global
	GlobalSection(SolutionConfigurationPlatforms) = preSolution
		Debug|Any CPU = Debug|Any CPU
		Release|Any CPU = Release|Any CPU
	EndGlobalSection
	GlobalSection(ProjectConfigurationPlatforms) = postSolution
		{D4EC4266-227C-4722-A4B1-E6C13D3D6632}.Debug|Any CPU.ActiveCfg = Debug|Any CPU
		{D4EC4266-227C-4722-A4B1-E6C13D3D6632}.Debug|Any CPU.Build.0 = Debug|Any CPU
		{D4EC4266-227C-4722-A4B1-E6C13D3D6632}.Release|Any CPU.ActiveCfg = Release|Any CPU
		{D4EC4266-227C-4722-A4B1-E6C13D3D6632}.Release|Any CPU.Build.0 = Release|Any CPU
		{08D6B3D4-F214-4E93-A048-99F4DCBD7EA8}.Debug|Any CPU.ActiveCfg = Debug|Any CPU
		{08D6B3D4-F214-4E93-A048-99F4DCBD7EA8}.Debug|Any CPU.Build.0 = Debug|Any CPU
		{08D6B3D4-F214-4E93-A048-99F4DCBD7EA8}.Release|Any CPU.ActiveCfg = Release|Any CPU
		{08D6B3D4-F214-4E93-A048-99F4DCBD7EA8}.Release|Any CPU.Build.0 = Release|Any CPU
		{02876AAF-0555-4F30-8D38-BE9ACF6A1F20}.Debug|Any CPU.ActiveCfg = Debug|Any CPU
		{02876AAF-0555-4F30-8D38-BE9ACF6A1F20}.Debug|Any CPU.Build.0 = Debug|Any CPU
		{02876AAF-0555-4F30-8D38-BE9ACF6A1F20}.Release|Any CPU.ActiveCfg = Release|Any CPU
		{02876AAF-0555-4F30-8D38-BE9ACF6A1F20}.Release|Any CPU.Build.0 = Release|Any CPU
		{5627E104-06B8-4508-A1FF-45AF500E7A0E}.Debug|Any CPU.ActiveCfg = Debug|Any CPU
		{5627E104-06B8-4508-A1FF-45AF500E7A0E}.Debug|Any CPU.Build.0 = Debug|Any CPU
		{5627E104-06B8-4508-A1FF-45AF500E7A0E}.Release|Any CPU.ActiveCfg = Release|Any CPU
		{5627E104-06B8-4508-A1FF-45AF500E7A0E}.Release|Any CPU.Build.0 = Release|Any CPU
		{3D8E519A-44A2-4B36-AA0F-CC561CC43918}.Debug|Any CPU.ActiveCfg = Debug|Any CPU
		{3D8E519A-44A2-4B36-AA0F-CC561CC43918}.Debug|Any CPU.Build.0 = Debug|Any CPU
		{3D8E519A-44A2-4B36-AA0F-CC561CC43918}.Release|Any CPU.ActiveCfg = Release|Any CPU
		{3D8E519A-44A2-4B36-AA0F-CC561CC43918}.Release|Any CPU.Build.0 = Release|Any CPU
	EndGlobalSection
EndGlobal
